
Microsoft Visual Studio Solution File, Format Version 12.00
# Visual Studio Version 16
VisualStudioVersion = 25.0.1700.0
MinimumVisualStudioVersion = 10.0.40219.1
Project("{FAE04EC0-301F-11D3-BF4B-00C04F79EFBC}") = "YarikAndCo", "YarikAndCo\YarikAndCo.csproj", "{A0D9992E-AC40-420A-96BA-6D9B56789E03}"
EndProject
Project("{FAE04EC0-301F-11D3-BF4B-00C04F79EFBC}") = "BlazorApp", "..\BlazorApp\BlazorApp\BlazorApp.csproj", "{53189109-98E7-418A-B53C-6632159FF004}"
EndProject
Global
	GlobalSection(SolutionConfigurationPlatforms) = preSolution
		Debug|Any CPU = Debug|Any CPU
		Release|Any CPU = Release|Any CPU
	EndGlobalSection
	GlobalSection(ProjectConfigurationPlatforms) = postSolution
		{A0D9992E-AC40-420A-96BA-6D9B56789E03}.Debug|Any CPU.ActiveCfg = Debug|Any CPU
		{A0D9992E-AC40-420A-96BA-6D9B56789E03}.Debug|Any CPU.Build.0 = Debug|Any CPU
		{A0D9992E-AC40-420A-96BA-6D9B56789E03}.Release|Any CPU.ActiveCfg = Release|Any CPU
		{A0D9992E-AC40-420A-96BA-6D9B56789E03}.Release|Any CPU.Build.0 = Release|Any CPU
		{53189109-98E7-418A-B53C-6632159FF004}.Debug|Any CPU.ActiveCfg = Debug|Any CPU
		{53189109-98E7-418A-B53C-6632159FF004}.Debug|Any CPU.Build.0 = Debug|Any CPU
		{53189109-98E7-418A-B53C-6632159FF004}.Release|Any CPU.ActiveCfg = Release|Any CPU
		{53189109-98E7-418A-B53C-6632159FF004}.Release|Any CPU.Build.0 = Release|Any CPU
	EndGlobalSection
	GlobalSection(SolutionProperties) = preSolution
		HideSolutionNode = FALSE
	EndGlobalSection
	GlobalSection(ExtensibilityGlobals) = postSolution
		SolutionGuid = {D389754D-1E3F-4036-A599-8545C279A916}
	EndGlobalSection
EndGlobal
