
Microsoft Visual Studio Solution File, Format Version 12.00
# Visual Studio Version 16
VisualStudioVersion = 25.0.1700.0
MinimumVisualStudioVersion = 10.0.40219.1
Project("{FAE04EC0-301F-11D3-BF4B-00C04F79EFBC}") = "BlazorApp", "BlazorApp\BlazorApp.csproj", "{1C33B415-5914-4C15-896B-9464437244A9}"
EndProject
Global
	GlobalSection(SolutionConfigurationPlatforms) = preSolution
		Debug|Any CPU = Debug|Any CPU
		Release|Any CPU = Release|Any CPU
	EndGlobalSection
	GlobalSection(ProjectConfigurationPlatforms) = postSolution
		{1C33B415-5914-4C15-896B-9464437244A9}.Debug|Any CPU.ActiveCfg = Debug|Any CPU
		{1C33B415-5914-4C15-896B-9464437244A9}.Debug|Any CPU.Build.0 = Debug|Any CPU
		{1C33B415-5914-4C15-896B-9464437244A9}.Release|Any CPU.ActiveCfg = Release|Any CPU
		{1C33B415-5914-4C15-896B-9464437244A9}.Release|Any CPU.Build.0 = Release|Any CPU
	EndGlobalSection
	GlobalSection(SolutionProperties) = preSolution
		HideSolutionNode = FALSE
	EndGlobalSection
	GlobalSection(ExtensibilityGlobals) = postSolution
		SolutionGuid = {21C4E23C-BF8D-4D38-B881-61E371F57A71}
	EndGlobalSection
EndGlobal
