
Microsoft Visual Studio Solution File, Format Version 12.00
# Visual Studio Version 16
VisualStudioVersion = 25.0.1700.0
MinimumVisualStudioVersion = 10.0.40219.1
Project("{FAE04EC0-301F-11D3-BF4B-00C04F79EFBC}") = "BlazorApp", "BlazorApp.csproj", "{7F3192D9-D68E-4D7C-869C-F2EDC2215B82}"
EndProject
Global
	GlobalSection(SolutionConfigurationPlatforms) = preSolution
		Debug|Any CPU = Debug|Any CPU
		Release|Any CPU = Release|Any CPU
	EndGlobalSection
	GlobalSection(ProjectConfigurationPlatforms) = postSolution
		{7F3192D9-D68E-4D7C-869C-F2EDC2215B82}.Debug|Any CPU.ActiveCfg = Debug|Any CPU
		{7F3192D9-D68E-4D7C-869C-F2EDC2215B82}.Debug|Any CPU.Build.0 = Debug|Any CPU
		{7F3192D9-D68E-4D7C-869C-F2EDC2215B82}.Release|Any CPU.ActiveCfg = Release|Any CPU
		{7F3192D9-D68E-4D7C-869C-F2EDC2215B82}.Release|Any CPU.Build.0 = Release|Any CPU
	EndGlobalSection
	GlobalSection(SolutionProperties) = preSolution
		HideSolutionNode = FALSE
	EndGlobalSection
	GlobalSection(ExtensibilityGlobals) = postSolution
		SolutionGuid = {BC0D26DE-2703-4521-AD96-F2BBFD148C75}
	EndGlobalSection
EndGlobal
